// !$*UTF8*$!
{
	archiveVersion = 1;
	classes = {
	};
	objectVersion = 46;
	objects = {

/* Begin PBXAggregateTarget section */
		A7F0C7BF13C2286D00EBD027 /* Universal_Framework */ = {
			isa = PBXAggregateTarget;
			buildConfigurationList = A7F0C7CC13C2286D00EBD027 /* Build configuration list for PBXAggregateTarget "Universal_Framework" */;
			buildPhases = (
				A7F0C7BE13C2286D00EBD027 /* ShellScript */,
			);
			dependencies = (
			);
			name = Universal_Framework;
			productName = Universal_Framework;
		};
/* End PBXAggregateTarget section */

/* Begin PBXBuildFile section */
		A7F0C7DB13C228AF00EBD027 /* DTXMLDocument.h in Headers */ = {isa = PBXBuildFile; fileRef = A7F0C7D713C228AF00EBD027 /* DTXMLDocument.h */; };
		A7F0C7DC13C228AF00EBD027 /* DTXMLDocument.m in Sources */ = {isa = PBXBuildFile; fileRef = A7F0C7D813C228AF00EBD027 /* DTXMLDocument.m */; };
		A7F0C7DD13C228AF00EBD027 /* DTXMLElement.h in Headers */ = {isa = PBXBuildFile; fileRef = A7F0C7D913C228AF00EBD027 /* DTXMLElement.h */; };
		A7F0C7DE13C228AF00EBD027 /* DTXMLElement.m in Sources */ = {isa = PBXBuildFile; fileRef = A7F0C7DA13C228AF00EBD027 /* DTXMLElement.m */; };
		A7F0C7EA13C2290400EBD027 /* NSData+Base64.h in Headers */ = {isa = PBXBuildFile; fileRef = A7F0C7E013C2290400EBD027 /* NSData+Base64.h */; };
		A7F0C7EB13C2290400EBD027 /* NSData+Base64.m in Sources */ = {isa = PBXBuildFile; fileRef = A7F0C7E113C2290400EBD027 /* NSData+Base64.m */; };
		A7F0C7EC13C2290400EBD027 /* NSString+MadServe.h in Headers */ = {isa = PBXBuildFile; fileRef = A7F0C7E213C2290400EBD027 /* NSString+MadServe.h */; };
		A7F0C7ED13C2290400EBD027 /* NSString+MadServe.m in Sources */ = {isa = PBXBuildFile; fileRef = A7F0C7E313C2290400EBD027 /* NSString+MadServe.m */; };
		A7F0C7EE13C2290400EBD027 /* NSURL+MadServe.h in Headers */ = {isa = PBXBuildFile; fileRef = A7F0C7E413C2290400EBD027 /* NSURL+MadServe.h */; };
		A7F0C7EF13C2290400EBD027 /* NSURL+MadServe.m in Sources */ = {isa = PBXBuildFile; fileRef = A7F0C7E513C2290400EBD027 /* NSURL+MadServe.m */; };
		A7F0C7F013C2290400EBD027 /* RedirectChecker.h in Headers */ = {isa = PBXBuildFile; fileRef = A7F0C7E613C2290400EBD027 /* RedirectChecker.h */; };
		A7F0C7F113C2290400EBD027 /* RedirectChecker.m in Sources */ = {isa = PBXBuildFile; fileRef = A7F0C7E713C2290400EBD027 /* RedirectChecker.m */; };
		A7F0C7F213C2290400EBD027 /* UIView+FindViewController.h in Headers */ = {isa = PBXBuildFile; fileRef = A7F0C7E813C2290400EBD027 /* UIView+FindViewController.h */; };
		A7F0C7F313C2290400EBD027 /* UIView+FindViewController.m in Sources */ = {isa = PBXBuildFile; fileRef = A7F0C7E913C2290400EBD027 /* UIView+FindViewController.m */; };
		A7F0C7FA13C2291300EBD027 /* MadServeAdBrowserViewController.h in Headers */ = {isa = PBXBuildFile; fileRef = A7F0C7F513C2291300EBD027 /* MadServeAdBrowserViewController.h */; };
		A7F0C7FB13C2291300EBD027 /* MadServeAdBrowserViewController.m in Sources */ = {isa = PBXBuildFile; fileRef = A7F0C7F613C2291300EBD027 /* MadServeAdBrowserViewController.m */; };
		A7F0C7FC13C2291300EBD027 /* MadServeBannerView.h in Headers */ = {isa = PBXBuildFile; fileRef = A7F0C7F713C2291300EBD027 /* MadServeBannerView.h */; settings = {ATTRIBUTES = (Public, ); }; };
		A7F0C7FD13C2291300EBD027 /* MadServeBannerView.m in Sources */ = {isa = PBXBuildFile; fileRef = A7F0C7F813C2291300EBD027 /* MadServeBannerView.m */; };
		A7F0C7FF13C2299B00EBD027 /* MadServe.h in Headers */ = {isa = PBXBuildFile; fileRef = A7F0C7FE13C2299B00EBD027 /* MadServe.h */; settings = {ATTRIBUTES = (Public, ); }; };
/* End PBXBuildFile section */

/* Begin PBXFileReference section */
		A7F0C7BC13C2286D00EBD027 /* MadServe.framework */ = {isa = PBXFileReference; explicitFileType = wrapper.cfbundle; includeInIndex = 0; path = MadServe.framework; sourceTree = BUILT_PRODUCTS_DIR; };
		A7F0C7C213C2286D00EBD027 /* MadServe-Info.plist */ = {isa = PBXFileReference; lastKnownFileType = text.plist.xml; path = "MadServe-Info.plist"; sourceTree = "<group>"; };
		A7F0C7C613C2286D00EBD027 /* MadServe-Prefix.pch */ = {isa = PBXFileReference; lastKnownFileType = sourcecode.c.h; path = "MadServe-Prefix.pch"; sourceTree = "<group>"; };
		A7F0C7D713C228AF00EBD027 /* DTXMLDocument.h */ = {isa = PBXFileReference; fileEncoding = 4; lastKnownFileType = sourcecode.c.h; path = DTXMLDocument.h; sourceTree = "<group>"; };
		A7F0C7D813C228AF00EBD027 /* DTXMLDocument.m */ = {isa = PBXFileReference; fileEncoding = 4; lastKnownFileType = sourcecode.c.objc; path = DTXMLDocument.m; sourceTree = "<group>"; };
		A7F0C7D913C228AF00EBD027 /* DTXMLElement.h */ = {isa = PBXFileReference; fileEncoding = 4; lastKnownFileType = sourcecode.c.h; path = DTXMLElement.h; sourceTree = "<group>"; };
		A7F0C7DA13C228AF00EBD027 /* DTXMLElement.m */ = {isa = PBXFileReference; fileEncoding = 4; lastKnownFileType = sourcecode.c.objc; path = DTXMLElement.m; sourceTree = "<group>"; };
		A7F0C7E013C2290400EBD027 /* NSData+Base64.h */ = {isa = PBXFileReference; fileEncoding = 4; lastKnownFileType = sourcecode.c.h; path = "NSData+Base64.h"; sourceTree = "<group>"; };
		A7F0C7E113C2290400EBD027 /* NSData+Base64.m */ = {isa = PBXFileReference; fileEncoding = 4; lastKnownFileType = sourcecode.c.objc; path = "NSData+Base64.m"; sourceTree = "<group>"; };
		A7F0C7E213C2290400EBD027 /* NSString+MadServe.h */ = {isa = PBXFileReference; fileEncoding = 4; lastKnownFileType = sourcecode.c.h; path = "NSString+MadServe.h"; sourceTree = "<group>"; };
		A7F0C7E313C2290400EBD027 /* NSString+MadServe.m */ = {isa = PBXFileReference; fileEncoding = 4; lastKnownFileType = sourcecode.c.objc; path = "NSString+MadServe.m"; sourceTree = "<group>"; };
		A7F0C7E413C2290400EBD027 /* NSURL+MadServe.h */ = {isa = PBXFileReference; fileEncoding = 4; lastKnownFileType = sourcecode.c.h; path = "NSURL+MadServe.h"; sourceTree = "<group>"; };
		A7F0C7E513C2290400EBD027 /* NSURL+MadServe.m */ = {isa = PBXFileReference; fileEncoding = 4; lastKnownFileType = sourcecode.c.objc; path = "NSURL+MadServe.m"; sourceTree = "<group>"; };
		A7F0C7E613C2290400EBD027 /* RedirectChecker.h */ = {isa = PBXFileReference; fileEncoding = 4; lastKnownFileType = sourcecode.c.h; path = RedirectChecker.h; sourceTree = "<group>"; };
		A7F0C7E713C2290400EBD027 /* RedirectChecker.m */ = {isa = PBXFileReference; fileEncoding = 4; lastKnownFileType = sourcecode.c.objc; path = RedirectChecker.m; sourceTree = "<group>"; };
		A7F0C7E813C2290400EBD027 /* UIView+FindViewController.h */ = {isa = PBXFileReference; fileEncoding = 4; lastKnownFileType = sourcecode.c.h; path = "UIView+FindViewController.h"; sourceTree = "<group>"; };
		A7F0C7E913C2290400EBD027 /* UIView+FindViewController.m */ = {isa = PBXFileReference; fileEncoding = 4; lastKnownFileType = sourcecode.c.objc; path = "UIView+FindViewController.m"; sourceTree = "<group>"; };
		A7F0C7F513C2291300EBD027 /* MadServeAdBrowserViewController.h */ = {isa = PBXFileReference; fileEncoding = 4; lastKnownFileType = sourcecode.c.h; name = MadServeAdBrowserViewController.h; path = ../MadServeAdBrowserViewController.h; sourceTree = "<group>"; };
		A7F0C7F613C2291300EBD027 /* MadServeAdBrowserViewController.m */ = {isa = PBXFileReference; fileEncoding = 4; lastKnownFileType = sourcecode.c.objc; name = MadServeAdBrowserViewController.m; path = ../MadServeAdBrowserViewController.m; sourceTree = "<group>"; };
		A7F0C7F713C2291300EBD027 /* MadServeBannerView.h */ = {isa = PBXFileReference; fileEncoding = 4; lastKnownFileType = sourcecode.c.h; name = MadServeBannerView.h; path = ../MadServeBannerView.h; sourceTree = "<group>"; };
		A7F0C7F813C2291300EBD027 /* MadServeBannerView.m */ = {isa = PBXFileReference; fileEncoding = 4; lastKnownFileType = sourcecode.c.objc; name = MadServeBannerView.m; path = ../MadServeBannerView.m; sourceTree = "<group>"; };
		A7F0C7FE13C2299B00EBD027 /* MadServe.h */ = {isa = PBXFileReference; fileEncoding = 4; lastKnownFileType = sourcecode.c.h; path = MadServe.h; sourceTree = "<group>"; };
/* End PBXFileReference section */

/* Begin PBXFrameworksBuildPhase section */
		A7F0C7B713C2286D00EBD027 /* Frameworks */ = {
			isa = PBXFrameworksBuildPhase;
			buildActionMask = 2147483647;
			files = (
			);
			runOnlyForDeploymentPostprocessing = 0;
		};
/* End PBXFrameworksBuildPhase section */

/* Begin PBXGroup section */
		A7F0C7AF13C2286D00EBD027 = {
			isa = PBXGroup;
			children = (
				A7F0C7C013C2286D00EBD027 /* MadServe */,
				A7F0C7BD13C2286D00EBD027 /* Products */,
			);
			sourceTree = "<group>";
		};
		A7F0C7BD13C2286D00EBD027 /* Products */ = {
			isa = PBXGroup;
			children = (
				A7F0C7BC13C2286D00EBD027 /* MadServe.framework */,
			);
			name = Products;
			sourceTree = "<group>";
		};
		A7F0C7C013C2286D00EBD027 /* MadServe */ = {
			isa = PBXGroup;
			children = (
				A7F0C7FE13C2299B00EBD027 /* MadServe.h */,
				A7F0C7F513C2291300EBD027 /* MadServeAdBrowserViewController.h */,
				A7F0C7F613C2291300EBD027 /* MadServeAdBrowserViewController.m */,
				A7F0C7F713C2291300EBD027 /* MadServeBannerView.h */,
				A7F0C7F813C2291300EBD027 /* MadServeBannerView.m */,
				A7F0C7DF13C228F500EBD027 /* Helpers */,
				A7F0C7D513C2289E00EBD027 /* DTXML */,
				A7F0C7C113C2286D00EBD027 /* Supporting Files */,
			);
			path = MadServe;
			sourceTree = "<group>";
		};
		A7F0C7C113C2286D00EBD027 /* Supporting Files */ = {
			isa = PBXGroup;
			children = (
				A7F0C7C213C2286D00EBD027 /* MadServe-Info.plist */,
				A7F0C7C613C2286D00EBD027 /* MadServe-Prefix.pch */,
			);
			name = "Supporting Files";
			sourceTree = "<group>";
		};
		A7F0C7D513C2289E00EBD027 /* DTXML */ = {
			isa = PBXGroup;
			children = (
				A7F0C7D713C228AF00EBD027 /* DTXMLDocument.h */,
				A7F0C7D813C228AF00EBD027 /* DTXMLDocument.m */,
				A7F0C7D913C228AF00EBD027 /* DTXMLElement.h */,
				A7F0C7DA13C228AF00EBD027 /* DTXMLElement.m */,
			);
			name = DTXML;
			sourceTree = "<group>";
		};
		A7F0C7DF13C228F500EBD027 /* Helpers */ = {
			isa = PBXGroup;
			children = (
				A7F0C7E013C2290400EBD027 /* NSData+Base64.h */,
				A7F0C7E113C2290400EBD027 /* NSData+Base64.m */,
				A7F0C7E213C2290400EBD027 /* NSString+MadServe.h */,
				A7F0C7E313C2290400EBD027 /* NSString+MadServe.m */,
				A7F0C7E413C2290400EBD027 /* NSURL+MadServe.h */,
				A7F0C7E513C2290400EBD027 /* NSURL+MadServe.m */,
				A7F0C7E613C2290400EBD027 /* RedirectChecker.h */,
				A7F0C7E713C2290400EBD027 /* RedirectChecker.m */,
				A7F0C7E813C2290400EBD027 /* UIView+FindViewController.h */,
				A7F0C7E913C2290400EBD027 /* UIView+FindViewController.m */,
			);
			name = Helpers;
			sourceTree = "<group>";
		};
/* End PBXGroup section */

/* Begin PBXHeadersBuildPhase section */
		A7F0C7B813C2286D00EBD027 /* Headers */ = {
			isa = PBXHeadersBuildPhase;
			buildActionMask = 2147483647;
			files = (
				A7F0C7FC13C2291300EBD027 /* MadServeBannerView.h in Headers */,
				A7F0C7FF13C2299B00EBD027 /* MadServe.h in Headers */,
				A7F0C7DB13C228AF00EBD027 /* DTXMLDocument.h in Headers */,
				A7F0C7DD13C228AF00EBD027 /* DTXMLElement.h in Headers */,
				A7F0C7EA13C2290400EBD027 /* NSData+Base64.h in Headers */,
				A7F0C7EC13C2290400EBD027 /* NSString+MadServe.h in Headers */,
				A7F0C7EE13C2290400EBD027 /* NSURL+MadServe.h in Headers */,
				A7F0C7F013C2290400EBD027 /* RedirectChecker.h in Headers */,
				A7F0C7F213C2290400EBD027 /* UIView+FindViewController.h in Headers */,
				A7F0C7FA13C2291300EBD027 /* MadServeAdBrowserViewController.h in Headers */,
			);
			runOnlyForDeploymentPostprocessing = 0;
		};
/* End PBXHeadersBuildPhase section */

/* Begin PBXNativeTarget section */
		A7F0C7BB13C2286D00EBD027 /* MadServe */ = {
			isa = PBXNativeTarget;
			buildConfigurationList = A7F0C7C913C2286D00EBD027 /* Build configuration list for PBXNativeTarget "MadServe" */;
			buildPhases = (
				A7F0C7B613C2286D00EBD027 /* Sources */,
				A7F0C7B713C2286D00EBD027 /* Frameworks */,
				A7F0C7B813C2286D00EBD027 /* Headers */,
				A7F0C7B913C2286D00EBD027 /* Resources */,
				A7F0C7BA13C2286D00EBD027 /* ShellScript */,
			);
			buildRules = (
			);
			dependencies = (
			);
			name = MadServe;
			productName = MadServe;
			productReference = A7F0C7BC13C2286D00EBD027 /* MadServe.framework */;
			productType = "com.apple.product-type.bundle";
		};
/* End PBXNativeTarget section */

/* Begin PBXProject section */
		A7F0C7B113C2286D00EBD027 /* Project object */ = {
			isa = PBXProject;
			buildConfigurationList = A7F0C7B413C2286D00EBD027 /* Build configuration list for PBXProject "MadServe" */;
			compatibilityVersion = "Xcode 3.2";
			developmentRegion = English;
			hasScannedForEncodings = 0;
			knownRegions = (
				en,
			);
			mainGroup = A7F0C7AF13C2286D00EBD027;
			productRefGroup = A7F0C7BD13C2286D00EBD027 /* Products */;
			projectDirPath = "";
			projectRoot = "";
			targets = (
				A7F0C7BB13C2286D00EBD027 /* MadServe */,
				A7F0C7BF13C2286D00EBD027 /* Universal_Framework */,
			);
		};
/* End PBXProject section */

/* Begin PBXResourcesBuildPhase section */
		A7F0C7B913C2286D00EBD027 /* Resources */ = {
			isa = PBXResourcesBuildPhase;
			buildActionMask = 2147483647;
			files = (
			);
			runOnlyForDeploymentPostprocessing = 0;
		};
/* End PBXResourcesBuildPhase section */

/* Begin PBXShellScriptBuildPhase section */
		A7F0C7BA13C2286D00EBD027 /* ShellScript */ = {
			isa = PBXShellScriptBuildPhase;
			buildActionMask = 2147483647;
			files = (
			);
			inputPaths = (
			);
			outputPaths = (
			);
			runOnlyForDeploymentPostprocessing = 0;
			shellPath = /bin/sh;
			shellScript = "\nrm -f \"${CONFIGURATION_BUILD_DIR}/FakeFramework\"\nif [ -f \"${CONFIGURATION_BUILD_DIR}/${EXECUTABLE_PATH}\" ]; then\n\tcp \"${CONFIGURATION_BUILD_DIR}/${EXECUTABLE_PATH}\" \"${CONFIGURATION_BUILD_DIR}/FakeFramework\"\nfi\n\t\t\t\t\t";
		};
		A7F0C7BE13C2286D00EBD027 /* ShellScript */ = {
			isa = PBXShellScriptBuildPhase;
			buildActionMask = 2147483647;
			files = (
			);
			inputPaths = (
			);
			outputPaths = (
			);
			runOnlyForDeploymentPostprocessing = 0;
			shellPath = /bin/sh;
			shellScript = "\n# Assume the target name is the same as the project name\nUFW_TARGET=${PROJECT}\n\nif [ -z ${SDK_NAME} ]; then\n    # Use the latest iphoneos SDK available\n    UFW_GREP_RESULT=$(xcodebuild -showsdks | grep -o \"iphoneos.*$\")\n    while read -r line; do\n        UFW_SDK_VERSION=\"${line}\"\n    done <<< \"${UFW_GREP_RESULT}\"\nelse\n    # Use the SDK specified by XCode\n    UFW_SDK_VERSION=\"${SDK_NAME}\"\nfi\n\nUFW_SDK_VERSION=$(echo \"${UFW_SDK_VERSION}\" | grep -o \"[0-9].*$\")\nUFW_FMWK_DIRNAME=\"${UFW_TARGET}.framework\"\nUFW_EMBEDDED_DIRNAME=\"${UFW_TARGET}.embeddedframework\"\nUFW_EXE_PATH=\"${UFW_FMWK_DIRNAME}/${UFW_TARGET}\"\nUFW_IPHONE_DIR=\"${BUILD_DIR}/${CONFIGURATION}-iphoneos\"\nUFW_SIMULATOR_DIR=\"${BUILD_DIR}/${CONFIGURATION}-iphonesimulator\"\nUFW_UNIVERSAL_DIR=\"${BUILD_DIR}/${CONFIGURATION}-universal\"\n\n\n# Build Framework\n\nrm -rf \"${UFW_UNIVERSAL_DIR}\"\n\nxcodebuild -target \"${UFW_TARGET}\" -configuration ${CONFIGURATION} -sdk iphoneos${UFW_SDK_VERSION} BUILD_DIR=${BUILD_DIR} CONFIGURATION_TEMP_DIR=${CONFIGURATION_TEMP_DIR} clean build\nif [ \"$?\" != \"0\" ]; then echo >&2 \"Error: xcodebuild failed\"; exit 1; fi\nxcodebuild -target \"${UFW_TARGET}\" -configuration ${CONFIGURATION} -sdk iphonesimulator${UFW_SDK_VERSION} BUILD_DIR=${BUILD_DIR} CONFIGURATION_TEMP_DIR=${CONFIGURATION_TEMP_DIR} clean build\nif [ \"$?\" != \"0\" ]; then echo >&2 \"Error: xcodebuild failed\"; exit 1; fi\n\nif [ ! -f \"${UFW_IPHONE_DIR}/${UFW_EXE_PATH}\" ]; then\necho \"Framework target \\\"${UFW_TARGET}\\\" had no source files to build from. Make sure your source files have the correct target membership\"\nexit 1\nfi\n\nmkdir -p \"${UFW_UNIVERSAL_DIR}\"\nif [ \"$?\" != \"0\" ]; then echo >&2 \"Error: mkdir failed\"; exit 1; fi\n\ncp -a \"${UFW_IPHONE_DIR}/${UFW_FMWK_DIRNAME}\" \"${UFW_UNIVERSAL_DIR}/${UFW_FMWK_DIRNAME}\"\nif [ \"$?\" != \"0\" ]; then echo >&2 \"Error: cp failed\"; exit 1; fi\n\nlipo -create -output \"${UFW_UNIVERSAL_DIR}/${UFW_EXE_PATH}\" \"${UFW_IPHONE_DIR}/${UFW_EXE_PATH}\" \"${UFW_SIMULATOR_DIR}/${UFW_EXE_PATH}\"\nif [ \"$?\" != \"0\" ]; then echo >&2 \"Error: lipo failed\"; exit 1; fi\n\n\n# Build standard framework structure\n\nmkdir -p \"${UFW_UNIVERSAL_DIR}/${UFW_FMWK_DIRNAME}/Versions/A/Resources\"\nif [ \"$?\" != \"0\" ]; then echo >&2 \"Error: mkdir failed\"; exit 1; fi\n\ncd \"${UFW_UNIVERSAL_DIR}/${UFW_FMWK_DIRNAME}\"\nif [ \"$?\" != \"0\" ]; then echo >&2 \"Error: cd failed\"; exit 1; fi\n\nmv \"${UFW_TARGET}\" \"Versions/A/\"\nif [ \"$?\" != \"0\" ]; then echo >&2 \"Error: mv failed\"; exit 1; fi\n\nmkdir -p Headers\nif [ \"$?\" != \"0\" ]; then echo >&2 \"Error: mkdir failed\"; exit 1; fi\n\nmv \"Headers\" \"Versions/A/\"\nif [ \"$?\" != \"0\" ]; then echo >&2 \"Error: mv failed\"; exit 1; fi\n\nUFW_RESOURCE_LIST=$(ls)\nwhile read -r filename; do\n    if [ \"${filename}\" != \"Versions\" ]; then\n        mv \"${filename}\" \"Versions/A/Resources/\"\n        if [ \"$?\" != \"0\" ]; then echo >&2 \"Error: mv failed\"; exit 1; fi\n    fi\ndone <<< \"${UFW_RESOURCE_LIST}\"\n\ncd Versions\nif [ \"$?\" != \"0\" ]; then echo >&2 \"Error: cd failed\"; exit 1; fi\n\nln -s A Current\nif [ \"$?\" != \"0\" ]; then echo >&2 \"Error: ln failed\"; exit 1; fi\n\ncd ..\nif [ \"$?\" != \"0\" ]; then echo >&2 \"Error: cd failed\"; exit 1; fi\n\nln -s \"Versions/Current/${UFW_TARGET}\"\nif [ \"$?\" != \"0\" ]; then echo >&2 \"Error: ln failed\"; exit 1; fi\n\nln -s \"Versions/Current/Headers\"\nif [ \"$?\" != \"0\" ]; then echo >&2 \"Error: ln failed\"; exit 1; fi\n\nln -s \"Versions/Current/Resources\"\nif [ \"$?\" != \"0\" ]; then echo >&2 \"Error: ln failed\"; exit 1; fi\n\n\n# Build Embedded Framework\n\nmkdir -p \"${UFW_UNIVERSAL_DIR}/${UFW_EMBEDDED_DIRNAME}/Resources\"\nif [ \"$?\" != \"0\" ]; then echo >&2 \"Error: mkdir failed\"; exit 1; fi\n\ncp -a \"${UFW_UNIVERSAL_DIR}/${UFW_FMWK_DIRNAME}\" \"${UFW_UNIVERSAL_DIR}/${UFW_EMBEDDED_DIRNAME}/\"\nif [ \"$?\" != \"0\" ]; then echo >&2 \"Error: cp failed\"; exit 1; fi\n\ncd \"${UFW_UNIVERSAL_DIR}/${UFW_FMWK_DIRNAME}/Resources\"\nif [ \"$?\" != \"0\" ]; then echo >&2 \"Error: cd failed\"; exit 1; fi\n\nUFW_RESOURCE_LIST=$(ls)\n\ncd \"${UFW_UNIVERSAL_DIR}/${UFW_EMBEDDED_DIRNAME}/Resources\"\nif [ \"$?\" != \"0\" ]; then echo >&2 \"Error: cd failed\"; exit 1; fi\n\nwhile read -r filename; do\n    if [ \"${filename}\" != \"Info.plist\" ]; then\n        ln -s \"../${UFW_FMWK_DIRNAME}/Resources/${filename}\"\n        if [ \"$?\" != \"0\" ]; then echo >&2 \"Error: link failed\"; exit 1; fi\n    fi\ndone <<< \"${UFW_RESOURCE_LIST}\"\n\t\t\t\t\t";
		};
/* End PBXShellScriptBuildPhase section */

/* Begin PBXSourcesBuildPhase section */
		A7F0C7B613C2286D00EBD027 /* Sources */ = {
			isa = PBXSourcesBuildPhase;
			buildActionMask = 2147483647;
			files = (
				A7F0C7DC13C228AF00EBD027 /* DTXMLDocument.m in Sources */,
				A7F0C7DE13C228AF00EBD027 /* DTXMLElement.m in Sources */,
				A7F0C7EB13C2290400EBD027 /* NSData+Base64.m in Sources */,
				A7F0C7ED13C2290400EBD027 /* NSString+MadServe.m in Sources */,
				A7F0C7EF13C2290400EBD027 /* NSURL+MadServe.m in Sources */,
				A7F0C7F113C2290400EBD027 /* RedirectChecker.m in Sources */,
				A7F0C7F313C2290400EBD027 /* UIView+FindViewController.m in Sources */,
				A7F0C7FB13C2291300EBD027 /* MadServeAdBrowserViewController.m in Sources */,
				A7F0C7FD13C2291300EBD027 /* MadServeBannerView.m in Sources */,
			);
			runOnlyForDeploymentPostprocessing = 0;
		};
/* End PBXSourcesBuildPhase section */

/* Begin XCBuildConfiguration section */
		A7F0C7C713C2286D00EBD027 /* Debug */ = {
			isa = XCBuildConfiguration;
			buildSettings = {
				ALWAYS_SEARCH_USER_PATHS = NO;
				ARCHS = "$(ARCHS_STANDARD_32_BIT)";
				CLANG_ENABLE_OBJC_ARC = NO;
				COPY_PHASE_STRIP = NO;
				GCC_C_LANGUAGE_STANDARD = gnu99;
				GCC_DYNAMIC_NO_PIC = NO;
				GCC_OPTIMIZATION_LEVEL = 0;
				GCC_PREPROCESSOR_DEFINITIONS = (
					"DEBUG=1",
					"$(inherited)",
				);
				GCC_SYMBOLS_PRIVATE_EXTERN = NO;
				GCC_VERSION = com.apple.compilers.llvm.clang.1_0;
				GCC_WARN_ABOUT_MISSING_PROTOTYPES = YES;
				GCC_WARN_ABOUT_RETURN_TYPE = YES;
				GCC_WARN_UNUSED_VARIABLE = YES;
				IPHONEOS_DEPLOYMENT_TARGET = 5.0;
				SDKROOT = iphoneos;
			};
			name = Debug;
		};
		A7F0C7C813C2286D00EBD027 /* Release */ = {
			isa = XCBuildConfiguration;
			buildSettings = {
				ALWAYS_SEARCH_USER_PATHS = NO;
				ARCHS = "$(ARCHS_STANDARD_32_BIT)";
				CLANG_ENABLE_OBJC_ARC = NO;
				COPY_PHASE_STRIP = YES;
				GCC_C_LANGUAGE_STANDARD = gnu99;
				GCC_VERSION = com.apple.compilers.llvm.clang.1_0;
				GCC_WARN_ABOUT_MISSING_PROTOTYPES = YES;
				GCC_WARN_ABOUT_RETURN_TYPE = YES;
				GCC_WARN_UNUSED_VARIABLE = YES;
				IPHONEOS_DEPLOYMENT_TARGET = 5.0;
				SDKROOT = iphoneos;
				VALIDATE_PRODUCT = YES;
			};
			name = Release;
		};
		A7F0C7CA13C2286D00EBD027 /* Debug */ = {
			isa = XCBuildConfiguration;
			buildSettings = {
				DEAD_CODE_STRIPPING = NO;
				DEPLOYMENT_POSTPROCESSING = YES;
				DYLIB_COMPATIBILITY_VERSION = 1;
				DYLIB_CURRENT_VERSION = 1;
				FRAMEWORK_VERSION = A;
				GCC_PRECOMPILE_PREFIX_HEADER = YES;
				GCC_PREFIX_HEADER = "MadServe/MadServe-Prefix.pch";
				INFOPLIST_FILE = "MadServe/MadServe-Info.plist";
				INSTALL_PATH = "$(BUILT_PRODUCTS_DIR)";
				LINK_WITH_STANDARD_LIBRARIES = NO;
				MACH_O_TYPE = mh_object;
				OTHER_LDFLAGS = "-ObjC";
				PRODUCT_NAME = "$(TARGET_NAME)";
				SKIP_INSTALL = YES;
				WRAPPER_EXTENSION = framework;
			};
			name = Debug;
		};
		A7F0C7CB13C2286D00EBD027 /* Release */ = {
			isa = XCBuildConfiguration;
			buildSettings = {
				DEAD_CODE_STRIPPING = NO;
				DEPLOYMENT_POSTPROCESSING = YES;
				DYLIB_COMPATIBILITY_VERSION = 1;
				DYLIB_CURRENT_VERSION = 1;
				FRAMEWORK_VERSION = A;
				GCC_PRECOMPILE_PREFIX_HEADER = YES;
				GCC_PREFIX_HEADER = "MadServe/MadServe-Prefix.pch";
				INFOPLIST_FILE = "MadServe/MadServe-Info.plist";
				INSTALL_PATH = "$(BUILT_PRODUCTS_DIR)";
				LINK_WITH_STANDARD_LIBRARIES = NO;
				MACH_O_TYPE = mh_object;
				OTHER_LDFLAGS = "-ObjC";
				PRODUCT_NAME = "$(TARGET_NAME)";
				SKIP_INSTALL = YES;
				WRAPPER_EXTENSION = framework;
			};
			name = Release;
		};
		A7F0C7CD13C2286D00EBD027 /* Debug */ = {
			isa = XCBuildConfiguration;
			buildSettings = {
				PRODUCT_NAME = UniversalFramework;
			};
			name = Debug;
		};
		A7F0C7CE13C2286D00EBD027 /* Release */ = {
			isa = XCBuildConfiguration;
			buildSettings = {
				PRODUCT_NAME = UniversalFramework;
			};
			name = Release;
		};
/* End XCBuildConfiguration section */

/* Begin XCConfigurationList section */
		A7F0C7B413C2286D00EBD027 /* Build configuration list for PBXProject "MadServe" */ = {
			isa = XCConfigurationList;
			buildConfigurations = (
				A7F0C7C713C2286D00EBD027 /* Debug */,
				A7F0C7C813C2286D00EBD027 /* Release */,
			);
			defaultConfigurationIsVisible = 0;
			defaultConfigurationName = Release;
		};
		A7F0C7C913C2286D00EBD027 /* Build configuration list for PBXNativeTarget "MadServe" */ = {
			isa = XCConfigurationList;
			buildConfigurations = (
				A7F0C7CA13C2286D00EBD027 /* Debug */,
				A7F0C7CB13C2286D00EBD027 /* Release */,
			);
			defaultConfigurationIsVisible = 0;
			defaultConfigurationName = Release;
		};
		A7F0C7CC13C2286D00EBD027 /* Build configuration list for PBXAggregateTarget "Universal_Framework" */ = {
			isa = XCConfigurationList;
			buildConfigurations = (
				A7F0C7CD13C2286D00EBD027 /* Debug */,
				A7F0C7CE13C2286D00EBD027 /* Release */,
			);
			defaultConfigurationIsVisible = 0;
			defaultConfigurationName = Release;
		};
/* End XCConfigurationList section */
	};
	rootObject = A7F0C7B113C2286D00EBD027 /* Project object */;
}
